
Microsoft Visual Studio Solution File, Format Version 12.00
# Visual Studio Version 17
VisualStudioVersion = 17.14.36221.1 d17.14
MinimumVisualStudioVersion = 10.0.40219.1
Project("{FAE04EC0-301F-11D3-BF4B-00C04F79EFBC}") = "Collective Cell", "Collective Cell\Collective Cell.csproj", "{02D12227-9A2A-41CB-9D1D-C7FE8F72388B}"
EndProject
Global
	GlobalSection(SolutionConfigurationPlatforms) = preSolution
		Debug|Any CPU = Debug|Any CPU
		Release|Any CPU = Release|Any CPU
	EndGlobalSection
	GlobalSection(ProjectConfigurationPlatforms) = postSolution
		{02D12227-9A2A-41CB-9D1D-C7FE8F72388B}.Debug|Any CPU.ActiveCfg = Debug|Any CPU
		{02D12227-9A2A-41CB-9D1D-C7FE8F72388B}.Debug|Any CPU.Build.0 = Debug|Any CPU
		{02D12227-9A2A-41CB-9D1D-C7FE8F72388B}.Release|Any CPU.ActiveCfg = Release|Any CPU
		{02D12227-9A2A-41CB-9D1D-C7FE8F72388B}.Release|Any CPU.Build.0 = Release|Any CPU
	EndGlobalSection
	GlobalSection(SolutionProperties) = preSolution
		HideSolutionNode = FALSE
	EndGlobalSection
	GlobalSection(ExtensibilityGlobals) = postSolution
		SolutionGuid = {28A8B023-4126-44D3-BA41-18DEE3495689}
	EndGlobalSection
EndGlobal
